// !$*UTF8*$!
{
	archiveVersion = 1;
	classes = {
	};
	objectVersion = 46;
	objects = {

/* Begin PBXBuildFile section */
		2CEC19B3537B24DBF53BB8B1 /* Pods_devapp_showcase.framework in Frameworks */ = {isa = PBXBuildFile; fileRef = 12D4D892FF93A09EA5618D19 /* Pods_devapp_showcase.framework */; };
		CC726E7F1CF62E0B0090DB6C /* AppDelegate.swift in Sources */ = {isa = PBXBuildFile; fileRef = CC726E7E1CF62E0B0090DB6C /* AppDelegate.swift */; };
		CC726E811CF62E0B0090DB6C /* ViewController.swift in Sources */ = {isa = PBXBuildFile; fileRef = CC726E801CF62E0B0090DB6C /* ViewController.swift */; };
		CC726E841CF62E0B0090DB6C /* Main.storyboard in Resources */ = {isa = PBXBuildFile; fileRef = CC726E821CF62E0B0090DB6C /* Main.storyboard */; };
		CC726E861CF62E0B0090DB6C /* Assets.xcassets in Resources */ = {isa = PBXBuildFile; fileRef = CC726E851CF62E0B0090DB6C /* Assets.xcassets */; };
		CC726E891CF62E0B0090DB6C /* LaunchScreen.storyboard in Resources */ = {isa = PBXBuildFile; fileRef = CC726E871CF62E0B0090DB6C /* LaunchScreen.storyboard */; };
		CC726E981CF62E4F0090DB6C /* NotoSans-Bold.ttf in Resources */ = {isa = PBXBuildFile; fileRef = CC726E941CF62E4F0090DB6C /* NotoSans-Bold.ttf */; };
		CC726E991CF62E4F0090DB6C /* NotoSans-BoldItalic.ttf in Resources */ = {isa = PBXBuildFile; fileRef = CC726E951CF62E4F0090DB6C /* NotoSans-BoldItalic.ttf */; };
		CC726E9A1CF62E4F0090DB6C /* NotoSans-Italic.ttf in Resources */ = {isa = PBXBuildFile; fileRef = CC726E961CF62E4F0090DB6C /* NotoSans-Italic.ttf */; };
		CC726E9B1CF62E4F0090DB6C /* NotoSans-Regular.ttf in Resources */ = {isa = PBXBuildFile; fileRef = CC726E971CF62E4F0090DB6C /* NotoSans-Regular.ttf */; };
		CC726E9D1CF631F20090DB6C /* MaterialView.swift in Sources */ = {isa = PBXBuildFile; fileRef = CC726E9C1CF631F20090DB6C /* MaterialView.swift */; };
		CC726EA01CF632CE0090DB6C /* Constants.swift in Sources */ = {isa = PBXBuildFile; fileRef = CC726E9F1CF632CE0090DB6C /* Constants.swift */; };
		CC726EA21CF63B640090DB6C /* MaterialButton.swift in Sources */ = {isa = PBXBuildFile; fileRef = CC726EA11CF63B640090DB6C /* MaterialButton.swift */; };
		CC726EA41CF711860090DB6C /* MaterialTextField.swift in Sources */ = {isa = PBXBuildFile; fileRef = CC726EA31CF711860090DB6C /* MaterialTextField.swift */; };
		CC726EA91CF859FE0090DB6C /* Bolts.framework in Frameworks */ = {isa = PBXBuildFile; fileRef = CC726EA61CF859FE0090DB6C /* Bolts.framework */; };
		CC726EAA1CF859FE0090DB6C /* FBSDKCoreKit.framework in Frameworks */ = {isa = PBXBuildFile; fileRef = CC726EA71CF859FE0090DB6C /* FBSDKCoreKit.framework */; };
		CC726EAB1CF859FE0090DB6C /* FBSDKLoginKit.framework in Frameworks */ = {isa = PBXBuildFile; fileRef = CC726EA81CF859FE0090DB6C /* FBSDKLoginKit.framework */; };
		CC726EAE1CF8B0EA0090DB6C /* DataService.swift in Sources */ = {isa = PBXBuildFile; fileRef = CC726EAD1CF8B0EA0090DB6C /* DataService.swift */; };
/* End PBXBuildFile section */

/* Begin PBXFileReference section */
		12D4D892FF93A09EA5618D19 /* Pods_devapp_showcase.framework */ = {isa = PBXFileReference; explicitFileType = wrapper.framework; includeInIndex = 0; path = Pods_devapp_showcase.framework; sourceTree = BUILT_PRODUCTS_DIR; };
		2170C436AE364A608DD9E2BE /* Pods-devapp-showcase.release.xcconfig */ = {isa = PBXFileReference; includeInIndex = 1; lastKnownFileType = text.xcconfig; name = "Pods-devapp-showcase.release.xcconfig"; path = "Pods/Target Support Files/Pods-devapp-showcase/Pods-devapp-showcase.release.xcconfig"; sourceTree = "<group>"; };
		A0F83CA819653A3AD0F140B3 /* Pods-devapp-showcase.debug.xcconfig */ = {isa = PBXFileReference; includeInIndex = 1; lastKnownFileType = text.xcconfig; name = "Pods-devapp-showcase.debug.xcconfig"; path = "Pods/Target Support Files/Pods-devapp-showcase/Pods-devapp-showcase.debug.xcconfig"; sourceTree = "<group>"; };
		CC726E7B1CF62E0B0090DB6C /* devapp-showcase.app */ = {isa = PBXFileReference; explicitFileType = wrapper.application; includeInIndex = 0; path = "devapp-showcase.app"; sourceTree = BUILT_PRODUCTS_DIR; };
		CC726E7E1CF62E0B0090DB6C /* AppDelegate.swift */ = {isa = PBXFileReference; lastKnownFileType = sourcecode.swift; path = AppDelegate.swift; sourceTree = "<group>"; };
		CC726E801CF62E0B0090DB6C /* ViewController.swift */ = {isa = PBXFileReference; lastKnownFileType = sourcecode.swift; path = ViewController.swift; sourceTree = "<group>"; };
		CC726E831CF62E0B0090DB6C /* Base */ = {isa = PBXFileReference; lastKnownFileType = file.storyboard; name = Base; path = Base.lproj/Main.storyboard; sourceTree = "<group>"; };
		CC726E851CF62E0B0090DB6C /* Assets.xcassets */ = {isa = PBXFileReference; lastKnownFileType = folder.assetcatalog; path = Assets.xcassets; sourceTree = "<group>"; };
		CC726E881CF62E0B0090DB6C /* Base */ = {isa = PBXFileReference; lastKnownFileType = file.storyboard; name = Base; path = Base.lproj/LaunchScreen.storyboard; sourceTree = "<group>"; };
		CC726E8A1CF62E0B0090DB6C /* Info.plist */ = {isa = PBXFileReference; lastKnownFileType = text.plist.xml; path = Info.plist; sourceTree = "<group>"; };
		CC726E941CF62E4F0090DB6C /* NotoSans-Bold.ttf */ = {isa = PBXFileReference; lastKnownFileType = file; path = "NotoSans-Bold.ttf"; sourceTree = "<group>"; };
		CC726E951CF62E4F0090DB6C /* NotoSans-BoldItalic.ttf */ = {isa = PBXFileReference; lastKnownFileType = file; path = "NotoSans-BoldItalic.ttf"; sourceTree = "<group>"; };
		CC726E961CF62E4F0090DB6C /* NotoSans-Italic.ttf */ = {isa = PBXFileReference; lastKnownFileType = file; path = "NotoSans-Italic.ttf"; sourceTree = "<group>"; };
		CC726E971CF62E4F0090DB6C /* NotoSans-Regular.ttf */ = {isa = PBXFileReference; lastKnownFileType = file; path = "NotoSans-Regular.ttf"; sourceTree = "<group>"; };
		CC726E9C1CF631F20090DB6C /* MaterialView.swift */ = {isa = PBXFileReference; fileEncoding = 4; lastKnownFileType = sourcecode.swift; path = MaterialView.swift; sourceTree = "<group>"; };
		CC726E9F1CF632CE0090DB6C /* Constants.swift */ = {isa = PBXFileReference; fileEncoding = 4; lastKnownFileType = sourcecode.swift; path = Constants.swift; sourceTree = "<group>"; };
		CC726EA11CF63B640090DB6C /* MaterialButton.swift */ = {isa = PBXFileReference; fileEncoding = 4; lastKnownFileType = sourcecode.swift; path = MaterialButton.swift; sourceTree = "<group>"; };
		CC726EA31CF711860090DB6C /* MaterialTextField.swift */ = {isa = PBXFileReference; fileEncoding = 4; lastKnownFileType = sourcecode.swift; path = MaterialTextField.swift; sourceTree = "<group>"; };
		CC726EA61CF859FE0090DB6C /* Bolts.framework */ = {isa = PBXFileReference; lastKnownFileType = wrapper.framework; path = Bolts.framework; sourceTree = "<group>"; };
		CC726EA71CF859FE0090DB6C /* FBSDKCoreKit.framework */ = {isa = PBXFileReference; lastKnownFileType = wrapper.framework; path = FBSDKCoreKit.framework; sourceTree = "<group>"; };
		CC726EA81CF859FE0090DB6C /* FBSDKLoginKit.framework */ = {isa = PBXFileReference; lastKnownFileType = wrapper.framework; path = FBSDKLoginKit.framework; sourceTree = "<group>"; };
		CC726EAD1CF8B0EA0090DB6C /* DataService.swift */ = {isa = PBXFileReference; fileEncoding = 4; lastKnownFileType = sourcecode.swift; path = DataService.swift; sourceTree = "<group>"; };
/* End PBXFileReference section */

/* Begin PBXFrameworksBuildPhase section */
		CC726E781CF62E0B0090DB6C /* Frameworks */ = {
			isa = PBXFrameworksBuildPhase;
			buildActionMask = 2147483647;
			files = (
				CC726EA91CF859FE0090DB6C /* Bolts.framework in Frameworks */,
				CC726EAA1CF859FE0090DB6C /* FBSDKCoreKit.framework in Frameworks */,
				CC726EAB1CF859FE0090DB6C /* FBSDKLoginKit.framework in Frameworks */,
				2CEC19B3537B24DBF53BB8B1 /* Pods_devapp_showcase.framework in Frameworks */,
			);
			runOnlyForDeploymentPostprocessing = 0;
		};
/* End PBXFrameworksBuildPhase section */

/* Begin PBXGroup section */
		95C19706977D19311AA2216F /* Pods */ = {
			isa = PBXGroup;
			children = (
				A0F83CA819653A3AD0F140B3 /* Pods-devapp-showcase.debug.xcconfig */,
				2170C436AE364A608DD9E2BE /* Pods-devapp-showcase.release.xcconfig */,
			);
			name = Pods;
			sourceTree = "<group>";
		};
		AFFD279A58BDCD1524FF7389 /* Frameworks */ = {
			isa = PBXGroup;
			children = (
				12D4D892FF93A09EA5618D19 /* Pods_devapp_showcase.framework */,
			);
			name = Frameworks;
			sourceTree = "<group>";
		};
		CC726E721CF62E0B0090DB6C = {
			isa = PBXGroup;
			children = (
				CC726E7D1CF62E0B0090DB6C /* devapp-showcase */,
				CC726E7C1CF62E0B0090DB6C /* Products */,
				95C19706977D19311AA2216F /* Pods */,
				AFFD279A58BDCD1524FF7389 /* Frameworks */,
			);
			sourceTree = "<group>";
		};
		CC726E7C1CF62E0B0090DB6C /* Products */ = {
			isa = PBXGroup;
			children = (
				CC726E7B1CF62E0B0090DB6C /* devapp-showcase.app */,
			);
			name = Products;
			sourceTree = "<group>";
		};
		CC726E7D1CF62E0B0090DB6C /* devapp-showcase */ = {
			isa = PBXGroup;
			children = (
				CC726EAC1CF8B0DA0090DB6C /* Service */,
				CC726EA51CF859E70090DB6C /* Frameworks */,
				CC726E9E1CF632C10090DB6C /* Util */,
				CC726E931CF62E220090DB6C /* Resources */,
				CC726E921CF62E190090DB6C /* Model */,
				CC726E911CF62E150090DB6C /* View */,
				CC726E901CF62E0F0090DB6C /* Controller */,
				CC726E7E1CF62E0B0090DB6C /* AppDelegate.swift */,
				CC726E821CF62E0B0090DB6C /* Main.storyboard */,
				CC726E851CF62E0B0090DB6C /* Assets.xcassets */,
				CC726E871CF62E0B0090DB6C /* LaunchScreen.storyboard */,
				CC726E8A1CF62E0B0090DB6C /* Info.plist */,
			);
			path = "devapp-showcase";
			sourceTree = "<group>";
		};
		CC726E901CF62E0F0090DB6C /* Controller */ = {
			isa = PBXGroup;
			children = (
				CC726E801CF62E0B0090DB6C /* ViewController.swift */,
			);
			name = Controller;
			sourceTree = "<group>";
		};
		CC726E911CF62E150090DB6C /* View */ = {
			isa = PBXGroup;
			children = (
				CC726E9C1CF631F20090DB6C /* MaterialView.swift */,
				CC726EA11CF63B640090DB6C /* MaterialButton.swift */,
				CC726EA31CF711860090DB6C /* MaterialTextField.swift */,
			);
			name = View;
			sourceTree = "<group>";
		};
		CC726E921CF62E190090DB6C /* Model */ = {
			isa = PBXGroup;
			children = (
			);
			name = Model;
			sourceTree = "<group>";
		};
		CC726E931CF62E220090DB6C /* Resources */ = {
			isa = PBXGroup;
			children = (
				CC726E941CF62E4F0090DB6C /* NotoSans-Bold.ttf */,
				CC726E951CF62E4F0090DB6C /* NotoSans-BoldItalic.ttf */,
				CC726E961CF62E4F0090DB6C /* NotoSans-Italic.ttf */,
				CC726E971CF62E4F0090DB6C /* NotoSans-Regular.ttf */,
			);
			name = Resources;
			sourceTree = "<group>";
		};
		CC726E9E1CF632C10090DB6C /* Util */ = {
			isa = PBXGroup;
			children = (
				CC726E9F1CF632CE0090DB6C /* Constants.swift */,
			);
			name = Util;
			sourceTree = "<group>";
		};
		CC726EA51CF859E70090DB6C /* Frameworks */ = {
			isa = PBXGroup;
			children = (
				CC726EA61CF859FE0090DB6C /* Bolts.framework */,
				CC726EA71CF859FE0090DB6C /* FBSDKCoreKit.framework */,
				CC726EA81CF859FE0090DB6C /* FBSDKLoginKit.framework */,
			);
			name = Frameworks;
			sourceTree = "<group>";
		};
		CC726EAC1CF8B0DA0090DB6C /* Service */ = {
			isa = PBXGroup;
			children = (
				CC726EAD1CF8B0EA0090DB6C /* DataService.swift */,
			);
			name = Service;
			sourceTree = "<group>";
		};
/* End PBXGroup section */

/* Begin PBXNativeTarget section */
		CC726E7A1CF62E0B0090DB6C /* devapp-showcase */ = {
			isa = PBXNativeTarget;
			buildConfigurationList = CC726E8D1CF62E0B0090DB6C /* Build configuration list for PBXNativeTarget "devapp-showcase" */;
			buildPhases = (
				6116ABC80031915DCC85E003 /* 📦 Check Pods Manifest.lock */,
				CC726E771CF62E0B0090DB6C /* Sources */,
				CC726E781CF62E0B0090DB6C /* Frameworks */,
				CC726E791CF62E0B0090DB6C /* Resources */,
				CE0CBE380E82800143316B3A /* 📦 Embed Pods Frameworks */,
				EFEAA9B8E7AF1FCE0AEA67B5 /* 📦 Copy Pods Resources */,
			);
			buildRules = (
			);
			dependencies = (
			);
			name = "devapp-showcase";
			productName = "devapp-showcase";
			productReference = CC726E7B1CF62E0B0090DB6C /* devapp-showcase.app */;
			productType = "com.apple.product-type.application";
		};
/* End PBXNativeTarget section */

/* Begin PBXProject section */
		CC726E731CF62E0B0090DB6C /* Project object */ = {
			isa = PBXProject;
			attributes = {
				LastSwiftUpdateCheck = 0730;
				LastUpgradeCheck = 0730;
				ORGANIZATIONNAME = Bartosz;
				TargetAttributes = {
					CC726E7A1CF62E0B0090DB6C = {
						CreatedOnToolsVersion = 7.3.1;
						DevelopmentTeam = 75QTQ5WC99;
					};
				};
			};
			buildConfigurationList = CC726E761CF62E0B0090DB6C /* Build configuration list for PBXProject "devapp-showcase" */;
			compatibilityVersion = "Xcode 3.2";
			developmentRegion = English;
			hasScannedForEncodings = 0;
			knownRegions = (
				en,
				Base,
			);
			mainGroup = CC726E721CF62E0B0090DB6C;
			productRefGroup = CC726E7C1CF62E0B0090DB6C /* Products */;
			projectDirPath = "";
			projectRoot = "";
			targets = (
				CC726E7A1CF62E0B0090DB6C /* devapp-showcase */,
			);
		};
/* End PBXProject section */

/* Begin PBXResourcesBuildPhase section */
		CC726E791CF62E0B0090DB6C /* Resources */ = {
			isa = PBXResourcesBuildPhase;
			buildActionMask = 2147483647;
			files = (
				CC726E981CF62E4F0090DB6C /* NotoSans-Bold.ttf in Resources */,
				CC726E891CF62E0B0090DB6C /* LaunchScreen.storyboard in Resources */,
				CC726E991CF62E4F0090DB6C /* NotoSans-BoldItalic.ttf in Resources */,
				CC726E9A1CF62E4F0090DB6C /* NotoSans-Italic.ttf in Resources */,
				CC726E861CF62E0B0090DB6C /* Assets.xcassets in Resources */,
				CC726E841CF62E0B0090DB6C /* Main.storyboard in Resources */,
				CC726E9B1CF62E4F0090DB6C /* NotoSans-Regular.ttf in Resources */,
			);
			runOnlyForDeploymentPostprocessing = 0;
		};
/* End PBXResourcesBuildPhase section */

/* Begin PBXShellScriptBuildPhase section */
		6116ABC80031915DCC85E003 /* 📦 Check Pods Manifest.lock */ = {
			isa = PBXShellScriptBuildPhase;
			buildActionMask = 2147483647;
			files = (
			);
			inputPaths = (
			);
			name = "📦 Check Pods Manifest.lock";
			outputPaths = (
			);
			runOnlyForDeploymentPostprocessing = 0;
			shellPath = /bin/sh;
			shellScript = "diff \"${PODS_ROOT}/../Podfile.lock\" \"${PODS_ROOT}/Manifest.lock\" > /dev/null\nif [[ $? != 0 ]] ; then\n    cat << EOM\nerror: The sandbox is not in sync with the Podfile.lock. Run 'pod install' or update your CocoaPods installation.\nEOM\n    exit 1\nfi\n";
			showEnvVarsInLog = 0;
		};
		CE0CBE380E82800143316B3A /* 📦 Embed Pods Frameworks */ = {
			isa = PBXShellScriptBuildPhase;
			buildActionMask = 2147483647;
			files = (
			);
			inputPaths = (
			);
			name = "📦 Embed Pods Frameworks";
			outputPaths = (
			);
			runOnlyForDeploymentPostprocessing = 0;
			shellPath = /bin/sh;
			shellScript = "\"${SRCROOT}/Pods/Target Support Files/Pods-devapp-showcase/Pods-devapp-showcase-frameworks.sh\"\n";
			showEnvVarsInLog = 0;
		};
		EFEAA9B8E7AF1FCE0AEA67B5 /* 📦 Copy Pods Resources */ = {
			isa = PBXShellScriptBuildPhase;
			buildActionMask = 2147483647;
			files = (
			);
			inputPaths = (
			);
			name = "📦 Copy Pods Resources";
			outputPaths = (
			);
			runOnlyForDeploymentPostprocessing = 0;
			shellPath = /bin/sh;
			shellScript = "\"${SRCROOT}/Pods/Target Support Files/Pods-devapp-showcase/Pods-devapp-showcase-resources.sh\"\n";
			showEnvVarsInLog = 0;
		};
/* End PBXShellScriptBuildPhase section */

/* Begin PBXSourcesBuildPhase section */
		CC726E771CF62E0B0090DB6C /* Sources */ = {
			isa = PBXSourcesBuildPhase;
			buildActionMask = 2147483647;
			files = (
				CC726EA41CF711860090DB6C /* MaterialTextField.swift in Sources */,
				CC726EAE1CF8B0EA0090DB6C /* DataService.swift in Sources */,
				CC726E9D1CF631F20090DB6C /* MaterialView.swift in Sources */,
				CC726E811CF62E0B0090DB6C /* ViewController.swift in Sources */,
				CC726E7F1CF62E0B0090DB6C /* AppDelegate.swift in Sources */,
				CC726EA01CF632CE0090DB6C /* Constants.swift in Sources */,
				CC726EA21CF63B640090DB6C /* MaterialButton.swift in Sources */,
			);
			runOnlyForDeploymentPostprocessing = 0;
		};
/* End PBXSourcesBuildPhase section */

/* Begin PBXVariantGroup section */
		CC726E821CF62E0B0090DB6C /* Main.storyboard */ = {
			isa = PBXVariantGroup;
			children = (
				CC726E831CF62E0B0090DB6C /* Base */,
			);
			name = Main.storyboard;
			sourceTree = "<group>";
		};
		CC726E871CF62E0B0090DB6C /* LaunchScreen.storyboard */ = {
			isa = PBXVariantGroup;
			children = (
				CC726E881CF62E0B0090DB6C /* Base */,
			);
			name = LaunchScreen.storyboard;
			sourceTree = "<group>";
		};
/* End PBXVariantGroup section */

/* Begin XCBuildConfiguration section */
		CC726E8B1CF62E0B0090DB6C /* Debug */ = {
			isa = XCBuildConfiguration;
			buildSettings = {
				ALWAYS_SEARCH_USER_PATHS = NO;
				CLANG_ANALYZER_NONNULL = YES;
				CLANG_CXX_LANGUAGE_STANDARD = "gnu++0x";
				CLANG_CXX_LIBRARY = "libc++";
				CLANG_ENABLE_MODULES = YES;
				CLANG_ENABLE_OBJC_ARC = YES;
				CLANG_WARN_BOOL_CONVERSION = YES;
				CLANG_WARN_CONSTANT_CONVERSION = YES;
				CLANG_WARN_DIRECT_OBJC_ISA_USAGE = YES_ERROR;
				CLANG_WARN_EMPTY_BODY = YES;
				CLANG_WARN_ENUM_CONVERSION = YES;
				CLANG_WARN_INT_CONVERSION = YES;
				CLANG_WARN_OBJC_ROOT_CLASS = YES_ERROR;
				CLANG_WARN_UNREACHABLE_CODE = YES;
				CLANG_WARN__DUPLICATE_METHOD_MATCH = YES;
				"CODE_SIGN_IDENTITY[sdk=iphoneos*]" = "iPhone Developer";
				COPY_PHASE_STRIP = NO;
				DEBUG_INFORMATION_FORMAT = dwarf;
				ENABLE_STRICT_OBJC_MSGSEND = YES;
				ENABLE_TESTABILITY = YES;
				GCC_C_LANGUAGE_STANDARD = gnu99;
				GCC_DYNAMIC_NO_PIC = NO;
				GCC_NO_COMMON_BLOCKS = YES;
				GCC_OPTIMIZATION_LEVEL = 0;
				GCC_PREPROCESSOR_DEFINITIONS = (
					"DEBUG=1",
					"$(inherited)",
				);
				GCC_WARN_64_TO_32_BIT_CONVERSION = YES;
				GCC_WARN_ABOUT_RETURN_TYPE = YES_ERROR;
				GCC_WARN_UNDECLARED_SELECTOR = YES;
				GCC_WARN_UNINITIALIZED_AUTOS = YES_AGGRESSIVE;
				GCC_WARN_UNUSED_FUNCTION = YES;
				GCC_WARN_UNUSED_VARIABLE = YES;
				IPHONEOS_DEPLOYMENT_TARGET = 9.3;
				MTL_ENABLE_DEBUG_INFO = YES;
				ONLY_ACTIVE_ARCH = YES;
				SDKROOT = iphoneos;
				SWIFT_OPTIMIZATION_LEVEL = "-Onone";
				TARGETED_DEVICE_FAMILY = "1,2";
			};
			name = Debug;
		};
		CC726E8C1CF62E0B0090DB6C /* Release */ = {
			isa = XCBuildConfiguration;
			buildSettings = {
				ALWAYS_SEARCH_USER_PATHS = NO;
				CLANG_ANALYZER_NONNULL = YES;
				CLANG_CXX_LANGUAGE_STANDARD = "gnu++0x";
				CLANG_CXX_LIBRARY = "libc++";
				CLANG_ENABLE_MODULES = YES;
				CLANG_ENABLE_OBJC_ARC = YES;
				CLANG_WARN_BOOL_CONVERSION = YES;
				CLANG_WARN_CONSTANT_CONVERSION = YES;
				CLANG_WARN_DIRECT_OBJC_ISA_USAGE = YES_ERROR;
				CLANG_WARN_EMPTY_BODY = YES;
				CLANG_WARN_ENUM_CONVERSION = YES;
				CLANG_WARN_INT_CONVERSION = YES;
				CLANG_WARN_OBJC_ROOT_CLASS = YES_ERROR;
				CLANG_WARN_UNREACHABLE_CODE = YES;
				CLANG_WARN__DUPLICATE_METHOD_MATCH = YES;
				"CODE_SIGN_IDENTITY[sdk=iphoneos*]" = "iPhone Developer";
				COPY_PHASE_STRIP = NO;
				DEBUG_INFORMATION_FORMAT = "dwarf-with-dsym";
				ENABLE_NS_ASSERTIONS = NO;
				ENABLE_STRICT_OBJC_MSGSEND = YES;
				GCC_C_LANGUAGE_STANDARD = gnu99;
				GCC_NO_COMMON_BLOCKS = YES;
				GCC_WARN_64_TO_32_BIT_CONVERSION = YES;
				GCC_WARN_ABOUT_RETURN_TYPE = YES_ERROR;
				GCC_WARN_UNDECLARED_SELECTOR = YES;
				GCC_WARN_UNINITIALIZED_AUTOS = YES_AGGRESSIVE;
				GCC_WARN_UNUSED_FUNCTION = YES;
				GCC_WARN_UNUSED_VARIABLE = YES;
				IPHONEOS_DEPLOYMENT_TARGET = 9.3;
				MTL_ENABLE_DEBUG_INFO = NO;
				SDKROOT = iphoneos;
				TARGETED_DEVICE_FAMILY = "1,2";
				VALIDATE_PRODUCT = YES;
			};
			name = Release;
		};
		CC726E8E1CF62E0B0090DB6C /* Debug */ = {
			isa = XCBuildConfiguration;
			baseConfigurationReference = A0F83CA819653A3AD0F140B3 /* Pods-devapp-showcase.debug.xcconfig */;
			buildSettings = {
				ASSETCATALOG_COMPILER_APPICON_NAME = AppIcon;
				ENABLE_BITCODE = NO;
				FRAMEWORK_SEARCH_PATHS = (
					"$(inherited)",
					"$(PROJECT_DIR)/devapp-showcase",
				);
				INFOPLIST_FILE = "devapp-showcase/Info.plist";
				LD_RUNPATH_SEARCH_PATHS = "$(inherited) @executable_path/Frameworks";
				PRODUCT_BUNDLE_IDENTIFIER = "com.devapp-showcase";
				PRODUCT_NAME = "$(TARGET_NAME)";
			};
			name = Debug;
		};
		CC726E8F1CF62E0B0090DB6C /* Release */ = {
			isa = XCBuildConfiguration;
			baseConfigurationReference = 2170C436AE364A608DD9E2BE /* Pods-devapp-showcase.release.xcconfig */;
			buildSettings = {
				ASSETCATALOG_COMPILER_APPICON_NAME = AppIcon;
				ENABLE_BITCODE = NO;
				FRAMEWORK_SEARCH_PATHS = (
					"$(inherited)",
					"$(PROJECT_DIR)/devapp-showcase",
				);
				INFOPLIST_FILE = "devapp-showcase/Info.plist";
				LD_RUNPATH_SEARCH_PATHS = "$(inherited) @executable_path/Frameworks";
				PRODUCT_BUNDLE_IDENTIFIER = "com.devapp-showcase";
				PRODUCT_NAME = "$(TARGET_NAME)";
			};
			name = Release;
		};
/* End XCBuildConfiguration section */

/* Begin XCConfigurationList section */
		CC726E761CF62E0B0090DB6C /* Build configuration list for PBXProject "devapp-showcase" */ = {
			isa = XCConfigurationList;
			buildConfigurations = (
				CC726E8B1CF62E0B0090DB6C /* Debug */,
				CC726E8C1CF62E0B0090DB6C /* Release */,
			);
			defaultConfigurationIsVisible = 0;
			defaultConfigurationName = Release;
		};
		CC726E8D1CF62E0B0090DB6C /* Build configuration list for PBXNativeTarget "devapp-showcase" */ = {
			isa = XCConfigurationList;
			buildConfigurations = (
				CC726E8E1CF62E0B0090DB6C /* Debug */,
				CC726E8F1CF62E0B0090DB6C /* Release */,
			);
			defaultConfigurationIsVisible = 0;
			defaultConfigurationName = Release;
		};
/* End XCConfigurationList section */
	};
	rootObject = CC726E731CF62E0B0090DB6C /* Project object */;
}
