// !$*UTF8*$!
{
	archiveVersion = 1;
	classes = {
	};
	objectVersion = 46;
	objects = {

/* Begin PBXBuildFile section */
		CC726E7F1CF62E0B0090DB6C /* AppDelegate.swift in Sources */ = {isa = PBXBuildFile; fileRef = CC726E7E1CF62E0B0090DB6C /* AppDelegate.swift */; };
		CC726E811CF62E0B0090DB6C /* ViewController.swift in Sources */ = {isa = PBXBuildFile; fileRef = CC726E801CF62E0B0090DB6C /* ViewController.swift */; };
		CC726E841CF62E0B0090DB6C /* Main.storyboard in Resources */ = {isa = PBXBuildFile; fileRef = CC726E821CF62E0B0090DB6C /* Main.storyboard */; };
		CC726E861CF62E0B0090DB6C /* Assets.xcassets in Resources */ = {isa = PBXBuildFile; fileRef = CC726E851CF62E0B0090DB6C /* Assets.xcassets */; };
		CC726E891CF62E0B0090DB6C /* LaunchScreen.storyboard in Resources */ = {isa = PBXBuildFile; fileRef = CC726E871CF62E0B0090DB6C /* LaunchScreen.storyboard */; };
/* End PBXBuildFile section */

/* Begin PBXFileReference section */
		CC726E7B1CF62E0B0090DB6C /* devapp-showcase.app */ = {isa = PBXFileReference; explicitFileType = wrapper.application; includeInIndex = 0; path = "devapp-showcase.app"; sourceTree = BUILT_PRODUCTS_DIR; };
		CC726E7E1CF62E0B0090DB6C /* AppDelegate.swift */ = {isa = PBXFileReference; lastKnownFileType = sourcecode.swift; path = AppDelegate.swift; sourceTree = "<group>"; };
		CC726E801CF62E0B0090DB6C /* ViewController.swift */ = {isa = PBXFileReference; lastKnownFileType = sourcecode.swift; path = ViewController.swift; sourceTree = "<group>"; };
		CC726E831CF62E0B0090DB6C /* Base */ = {isa = PBXFileReference; lastKnownFileType = file.storyboard; name = Base; path = Base.lproj/Main.storyboard; sourceTree = "<group>"; };
		CC726E851CF62E0B0090DB6C /* Assets.xcassets */ = {isa = PBXFileReference; lastKnownFileType = folder.assetcatalog; path = Assets.xcassets; sourceTree = "<group>"; };
		CC726E881CF62E0B0090DB6C /* Base */ = {isa = PBXFileReference; lastKnownFileType = file.storyboard; name = Base; path = Base.lproj/LaunchScreen.storyboard; sourceTree = "<group>"; };
		CC726E8A1CF62E0B0090DB6C /* Info.plist */ = {isa = PBXFileReference; lastKnownFileType = text.plist.xml; path = Info.plist; sourceTree = "<group>"; };
/* End PBXFileReference section */

/* Begin PBXFrameworksBuildPhase section */
		CC726E781CF62E0B0090DB6C /* Frameworks */ = {
			isa = PBXFrameworksBuildPhase;
			buildActionMask = 2147483647;
			files = (
			);
			runOnlyForDeploymentPostprocessing = 0;
		};
/* End PBXFrameworksBuildPhase section */

/* Begin PBXGroup section */
		CC726E721CF62E0B0090DB6C = {
			isa = PBXGroup;
			children = (
				CC726E7D1CF62E0B0090DB6C /* devapp-showcase */,
				CC726E7C1CF62E0B0090DB6C /* Products */,
			);
			sourceTree = "<group>";
		};
		CC726E7C1CF62E0B0090DB6C /* Products */ = {
			isa = PBXGroup;
			children = (
				CC726E7B1CF62E0B0090DB6C /* devapp-showcase.app */,
			);
			name = Products;
			sourceTree = "<group>";
		};
		CC726E7D1CF62E0B0090DB6C /* devapp-showcase */ = {
			isa = PBXGroup;
			children = (
				CC726E7E1CF62E0B0090DB6C /* AppDelegate.swift */,
				CC726E801CF62E0B0090DB6C /* ViewController.swift */,
				CC726E821CF62E0B0090DB6C /* Main.storyboard */,
				CC726E851CF62E0B0090DB6C /* Assets.xcassets */,
				CC726E871CF62E0B0090DB6C /* LaunchScreen.storyboard */,
				CC726E8A1CF62E0B0090DB6C /* Info.plist */,
			);
			path = "devapp-showcase";
			sourceTree = "<group>";
		};
/* End PBXGroup section */

/* Begin PBXNativeTarget section */
		CC726E7A1CF62E0B0090DB6C /* devapp-showcase */ = {
			isa = PBXNativeTarget;
			buildConfigurationList = CC726E8D1CF62E0B0090DB6C /* Build configuration list for PBXNativeTarget "devapp-showcase" */;
			buildPhases = (
				CC726E771CF62E0B0090DB6C /* Sources */,
				CC726E781CF62E0B0090DB6C /* Frameworks */,
				CC726E791CF62E0B0090DB6C /* Resources */,
			);
			buildRules = (
			);
			dependencies = (
			);
			name = "devapp-showcase";
			productName = "devapp-showcase";
			productReference = CC726E7B1CF62E0B0090DB6C /* devapp-showcase.app */;
			productType = "com.apple.product-type.application";
		};
/* End PBXNativeTarget section */

/* Begin PBXProject section */
		CC726E731CF62E0B0090DB6C /* Project object */ = {
			isa = PBXProject;
			attributes = {
				LastSwiftUpdateCheck = 0730;
				LastUpgradeCheck = 0730;
				ORGANIZATIONNAME = Bartosz;
				TargetAttributes = {
					CC726E7A1CF62E0B0090DB6C = {
						CreatedOnToolsVersion = 7.3.1;
						DevelopmentTeam = 75QTQ5WC99;
					};
				};
			};
			buildConfigurationList = CC726E761CF62E0B0090DB6C /* Build configuration list for PBXProject "devapp-showcase" */;
			compatibilityVersion = "Xcode 3.2";
			developmentRegion = English;
			hasScannedForEncodings = 0;
			knownRegions = (
				en,
				Base,
			);
			mainGroup = CC726E721CF62E0B0090DB6C;
			productRefGroup = CC726E7C1CF62E0B0090DB6C /* Products */;
			projectDirPath = "";
			projectRoot = "";
			targets = (
				CC726E7A1CF62E0B0090DB6C /* devapp-showcase */,
			);
		};
/* End PBXProject section */

/* Begin PBXResourcesBuildPhase section */
		CC726E791CF62E0B0090DB6C /* Resources */ = {
			isa = PBXResourcesBuildPhase;
			buildActionMask = 2147483647;
			files = (
				CC726E891CF62E0B0090DB6C /* LaunchScreen.storyboard in Resources */,
				CC726E861CF62E0B0090DB6C /* Assets.xcassets in Resources */,
				CC726E841CF62E0B0090DB6C /* Main.storyboard in Resources */,
			);
			runOnlyForDeploymentPostprocessing = 0;
		};
/* End PBXResourcesBuildPhase section */

/* Begin PBXSourcesBuildPhase section */
		CC726E771CF62E0B0090DB6C /* Sources */ = {
			isa = PBXSourcesBuildPhase;
			buildActionMask = 2147483647;
			files = (
				CC726E811CF62E0B0090DB6C /* ViewController.swift in Sources */,
				CC726E7F1CF62E0B0090DB6C /* AppDelegate.swift in Sources */,
			);
			runOnlyForDeploymentPostprocessing = 0;
		};
/* End PBXSourcesBuildPhase section */

/* Begin PBXVariantGroup section */
		CC726E821CF62E0B0090DB6C /* Main.storyboard */ = {
			isa = PBXVariantGroup;
			children = (
				CC726E831CF62E0B0090DB6C /* Base */,
			);
			name = Main.storyboard;
			sourceTree = "<group>";
		};
		CC726E871CF62E0B0090DB6C /* LaunchScreen.storyboard */ = {
			isa = PBXVariantGroup;
			children = (
				CC726E881CF62E0B0090DB6C /* Base */,
			);
			name = LaunchScreen.storyboard;
			sourceTree = "<group>";
		};
/* End PBXVariantGroup section */

/* Begin XCBuildConfiguration section */
		CC726E8B1CF62E0B0090DB6C /* Debug */ = {
			isa = XCBuildConfiguration;
			buildSettings = {
				ALWAYS_SEARCH_USER_PATHS = NO;
				CLANG_ANALYZER_NONNULL = YES;
				CLANG_CXX_LANGUAGE_STANDARD = "gnu++0x";
				CLANG_CXX_LIBRARY = "libc++";
				CLANG_ENABLE_MODULES = YES;
				CLANG_ENABLE_OBJC_ARC = YES;
				CLANG_WARN_BOOL_CONVERSION = YES;
				CLANG_WARN_CONSTANT_CONVERSION = YES;
				CLANG_WARN_DIRECT_OBJC_ISA_USAGE = YES_ERROR;
				CLANG_WARN_EMPTY_BODY = YES;
				CLANG_WARN_ENUM_CONVERSION = YES;
				CLANG_WARN_INT_CONVERSION = YES;
				CLANG_WARN_OBJC_ROOT_CLASS = YES_ERROR;
				CLANG_WARN_UNREACHABLE_CODE = YES;
				CLANG_WARN__DUPLICATE_METHOD_MATCH = YES;
				"CODE_SIGN_IDENTITY[sdk=iphoneos*]" = "iPhone Developer";
				COPY_PHASE_STRIP = NO;
				DEBUG_INFORMATION_FORMAT = dwarf;
				ENABLE_STRICT_OBJC_MSGSEND = YES;
				ENABLE_TESTABILITY = YES;
				GCC_C_LANGUAGE_STANDARD = gnu99;
				GCC_DYNAMIC_NO_PIC = NO;
				GCC_NO_COMMON_BLOCKS = YES;
				GCC_OPTIMIZATION_LEVEL = 0;
				GCC_PREPROCESSOR_DEFINITIONS = (
					"DEBUG=1",
					"$(inherited)",
				);
				GCC_WARN_64_TO_32_BIT_CONVERSION = YES;
				GCC_WARN_ABOUT_RETURN_TYPE = YES_ERROR;
				GCC_WARN_UNDECLARED_SELECTOR = YES;
				GCC_WARN_UNINITIALIZED_AUTOS = YES_AGGRESSIVE;
				GCC_WARN_UNUSED_FUNCTION = YES;
				GCC_WARN_UNUSED_VARIABLE = YES;
				IPHONEOS_DEPLOYMENT_TARGET = 9.3;
				MTL_ENABLE_DEBUG_INFO = YES;
				ONLY_ACTIVE_ARCH = YES;
				SDKROOT = iphoneos;
				SWIFT_OPTIMIZATION_LEVEL = "-Onone";
				TARGETED_DEVICE_FAMILY = "1,2";
			};
			name = Debug;
		};
		CC726E8C1CF62E0B0090DB6C /* Release */ = {
			isa = XCBuildConfiguration;
			buildSettings = {
				ALWAYS_SEARCH_USER_PATHS = NO;
				CLANG_ANALYZER_NONNULL = YES;
				CLANG_CXX_LANGUAGE_STANDARD = "gnu++0x";
				CLANG_CXX_LIBRARY = "libc++";
				CLANG_ENABLE_MODULES = YES;
				CLANG_ENABLE_OBJC_ARC = YES;
				CLANG_WARN_BOOL_CONVERSION = YES;
				CLANG_WARN_CONSTANT_CONVERSION = YES;
				CLANG_WARN_DIRECT_OBJC_ISA_USAGE = YES_ERROR;
				CLANG_WARN_EMPTY_BODY = YES;
				CLANG_WARN_ENUM_CONVERSION = YES;
				CLANG_WARN_INT_CONVERSION = YES;
				CLANG_WARN_OBJC_ROOT_CLASS = YES_ERROR;
				CLANG_WARN_UNREACHABLE_CODE = YES;
				CLANG_WARN__DUPLICATE_METHOD_MATCH = YES;
				"CODE_SIGN_IDENTITY[sdk=iphoneos*]" = "iPhone Developer";
				COPY_PHASE_STRIP = NO;
				DEBUG_INFORMATION_FORMAT = "dwarf-with-dsym";
				ENABLE_NS_ASSERTIONS = NO;
				ENABLE_STRICT_OBJC_MSGSEND = YES;
				GCC_C_LANGUAGE_STANDARD = gnu99;
				GCC_NO_COMMON_BLOCKS = YES;
				GCC_WARN_64_TO_32_BIT_CONVERSION = YES;
				GCC_WARN_ABOUT_RETURN_TYPE = YES_ERROR;
				GCC_WARN_UNDECLARED_SELECTOR = YES;
				GCC_WARN_UNINITIALIZED_AUTOS = YES_AGGRESSIVE;
				GCC_WARN_UNUSED_FUNCTION = YES;
				GCC_WARN_UNUSED_VARIABLE = YES;
				IPHONEOS_DEPLOYMENT_TARGET = 9.3;
				MTL_ENABLE_DEBUG_INFO = NO;
				SDKROOT = iphoneos;
				TARGETED_DEVICE_FAMILY = "1,2";
				VALIDATE_PRODUCT = YES;
			};
			name = Release;
		};
		CC726E8E1CF62E0B0090DB6C /* Debug */ = {
			isa = XCBuildConfiguration;
			buildSettings = {
				ASSETCATALOG_COMPILER_APPICON_NAME = AppIcon;
				INFOPLIST_FILE = "devapp-showcase/Info.plist";
				LD_RUNPATH_SEARCH_PATHS = "$(inherited) @executable_path/Frameworks";
				PRODUCT_BUNDLE_IDENTIFIER = "com.bartosz.devapp-showcase";
				PRODUCT_NAME = "$(TARGET_NAME)";
			};
			name = Debug;
		};
		CC726E8F1CF62E0B0090DB6C /* Release */ = {
			isa = XCBuildConfiguration;
			buildSettings = {
				ASSETCATALOG_COMPILER_APPICON_NAME = AppIcon;
				INFOPLIST_FILE = "devapp-showcase/Info.plist";
				LD_RUNPATH_SEARCH_PATHS = "$(inherited) @executable_path/Frameworks";
				PRODUCT_BUNDLE_IDENTIFIER = "com.bartosz.devapp-showcase";
				PRODUCT_NAME = "$(TARGET_NAME)";
			};
			name = Release;
		};
/* End XCBuildConfiguration section */

/* Begin XCConfigurationList section */
		CC726E761CF62E0B0090DB6C /* Build configuration list for PBXProject "devapp-showcase" */ = {
			isa = XCConfigurationList;
			buildConfigurations = (
				CC726E8B1CF62E0B0090DB6C /* Debug */,
				CC726E8C1CF62E0B0090DB6C /* Release */,
			);
			defaultConfigurationIsVisible = 0;
			defaultConfigurationName = Release;
		};
		CC726E8D1CF62E0B0090DB6C /* Build configuration list for PBXNativeTarget "devapp-showcase" */ = {
			isa = XCConfigurationList;
			buildConfigurations = (
				CC726E8E1CF62E0B0090DB6C /* Debug */,
				CC726E8F1CF62E0B0090DB6C /* Release */,
			);
			defaultConfigurationIsVisible = 0;
		};
/* End XCConfigurationList section */
	};
	rootObject = CC726E731CF62E0B0090DB6C /* Project object */;
}
